<?xml version="1.0" encoding="UTF-8" standalone="yes" ?>
<CodeBlocks_project_file>
	<FileVersion major="1" minor="6" />
	<Project>
		<Option title="Grafika" />
		<Option pch_mode="2" />
		<Option compiler="gcc" />
		<Build>
			<Target title="Debug">
				<Option output="bin/Debug/Grafika 1" prefix_auto="1" extension_auto="1" />
				<Option object_output="obj/Debug/" />
				<Option type="1" />
				<Option compiler="gcc" />
				<Compiler>
					<Add option="-g" />
				</Compiler>
			</Target>
			<Target title="Release">
				<Option output="bin/Release/Grafika 1" prefix_auto="1" extension_auto="1" />
				<Option object_output="obj/Release/" />
				<Option type="1" />
				<Option compiler="gcc" />
				<Compiler>
					<Add option="-O2" />
				</Compiler>
				<Linker>
					<Add option="-s" />
				</Linker>
			</Target>
		</Build>
		<Compiler>
			<Add option="-Wall" />
			<Add directory="F:/Biblioteki i frameworki/SFML GCC 4.9.2/include" />
			<Add directory="Headers" />
			<Add directory="Source" />
		</Compiler>
		<Linker>
			<Add library="sfml-graphics" />
			<Add library="sfml-window" />
			<Add library="sfml-system" />
			<Add directory="F:/Biblioteki i frameworki/SFML GCC 4.9.2/lib" />
		</Linker>
		<Unit filename="Headers/Application.h" />
		<Unit filename="Headers/ApplicationManager.h" />
		<Unit filename="Headers/Button.h" />
		<Unit filename="Headers/Canvas.h" />
		<Unit filename="Headers/CanvasManager.h" />
		<Unit filename="Headers/Shape.h" />
		<Unit filename="Headers/TextureManager.h" />
		<Unit filename="Main.cpp" />
		<Unit filename="Source/Application.cpp" />
		<Unit filename="Source/ApplicationManager.cpp" />
		<Unit filename="Source/Button.cpp" />
		<Unit filename="Source/Canvas.cpp" />
		<Unit filename="Source/CanvasManager.cpp" />
		<Unit filename="Source/Shape.cpp" />
		<Unit filename="Source/TextureManager.cpp" />
		<Extensions>
			<code_completion />
			<envvars />
			<debugger />
			<lib_finder disable_auto="1" />
		</Extensions>
	</Project>
</CodeBlocks_project_file>
